// !$*UTF8*$!
{
	archiveVersion = 1;
	classes = {
	};
	objectVersion = 46;
	objects = {

/* Begin PBXBuildFile section */
		0091D8F90E81B9330029341E /* OpenGL.framework in Frameworks */ = {isa = PBXBuildFile; fileRef = 0091D8F80E81B9330029341E /* OpenGL.framework */; };
		00C0735B0FF32F8B004801EA /* Accelerate.framework in Frameworks */ = {isa = PBXBuildFile; fileRef = 00C073570FF32F8B004801EA /* Accelerate.framework */; };
		00C0735C0FF32F8B004801EA /* AudioToolbox.framework in Frameworks */ = {isa = PBXBuildFile; fileRef = 00C073580FF32F8B004801EA /* AudioToolbox.framework */; };
		00C0735D0FF32F8B004801EA /* AudioUnit.framework in Frameworks */ = {isa = PBXBuildFile; fileRef = 00C073590FF32F8B004801EA /* AudioUnit.framework */; };
		00C0735E0FF32F8B004801EA /* CoreAudio.framework in Frameworks */ = {isa = PBXBuildFile; fileRef = 00C0735A0FF32F8B004801EA /* CoreAudio.framework */; };
		00E0B6150F60DE8F002C8FBD /* ApplicationServices.framework in Frameworks */ = {isa = PBXBuildFile; fileRef = 00E0B6140F60DE8F002C8FBD /* ApplicationServices.framework */; };
		5323E6B20EAFCA74003A9687 /* CoreVideo.framework in Frameworks */ = {isa = PBXBuildFile; fileRef = 5323E6B10EAFCA74003A9687 /* CoreVideo.framework */; };
		5323E6B60EAFCA7E003A9687 /* QTKit.framework in Frameworks */ = {isa = PBXBuildFile; fileRef = 5323E6B50EAFCA7E003A9687 /* QTKit.framework */; };
		8D11072F0486CEB800E47090 /* Cocoa.framework in Frameworks */ = {isa = PBXBuildFile; fileRef = 1058C7A1FEA54F0111CA2CBB /* Cocoa.framework */; };
		AE2DF4061B4C6E9200542A5C /* websocketpp in Resources */ = {isa = PBXBuildFile; fileRef = AE2DF4051B4C6E9200542A5C /* websocketpp */; };
		AE2DF4101B4C70B800542A5C /* CoreMedia.framework in Frameworks */ = {isa = PBXBuildFile; fileRef = AE2DF40F1B4C70B800542A5C /* CoreMedia.framework */; };
		AE2DF4121B4C70BD00542A5C /* AVFoundation.framework in Frameworks */ = {isa = PBXBuildFile; fileRef = AE2DF4111B4C70BD00542A5C /* AVFoundation.framework */; };
		AE2DF4141B4C70C100542A5C /* IOSurface.framework in Frameworks */ = {isa = PBXBuildFile; fileRef = AE2DF4131B4C70C100542A5C /* IOSurface.framework */; };
		AE2DF4161B4C70C600542A5C /* IOKit.framework in Frameworks */ = {isa = PBXBuildFile; fileRef = AE2DF4151B4C70C600542A5C /* IOKit.framework */; };
		AE2F0EDD174D5E0200EC61B1 /* WebSocketServer.cpp in Sources */ = {isa = PBXBuildFile; fileRef = AE2F0EDB174D5E0200EC61B1 /* WebSocketServer.cpp */; };
		AE2F0EE0174D66A500EC61B1 /* WebSocketConnection.cpp in Sources */ = {isa = PBXBuildFile; fileRef = AE2F0EDF174D66A500EC61B1 /* WebSocketConnection.cpp */; };
		BF3B8D5E173A19DB00377DF5 /* WebSocketClient.cpp in Sources */ = {isa = PBXBuildFile; fileRef = BF3B8CEA173A19DA00377DF5 /* WebSocketClient.cpp */; };
		BF3B8D69173A19EA00377DF5 /* ServerApp.cpp in Sources */ = {isa = PBXBuildFile; fileRef = BF3B8D68173A19EA00377DF5 /* ServerApp.cpp */; };
		BF3B8D6B173A1A0000377DF5 /* CinderApp.icns in Resources */ = {isa = PBXBuildFile; fileRef = BF3B8D6A173A1A0000377DF5 /* CinderApp.icns */; };
/* End PBXBuildFile section */

/* Begin PBXFileReference section */
		0091D8F80E81B9330029341E /* OpenGL.framework */ = {isa = PBXFileReference; lastKnownFileType = wrapper.framework; name = OpenGL.framework; path = /System/Library/Frameworks/OpenGL.framework; sourceTree = "<absolute>"; };
		00C073570FF32F8B004801EA /* Accelerate.framework */ = {isa = PBXFileReference; lastKnownFileType = wrapper.framework; name = Accelerate.framework; path = System/Library/Frameworks/Accelerate.framework; sourceTree = SDKROOT; };
		00C073580FF32F8B004801EA /* AudioToolbox.framework */ = {isa = PBXFileReference; lastKnownFileType = wrapper.framework; name = AudioToolbox.framework; path = System/Library/Frameworks/AudioToolbox.framework; sourceTree = SDKROOT; };
		00C073590FF32F8B004801EA /* AudioUnit.framework */ = {isa = PBXFileReference; lastKnownFileType = wrapper.framework; name = AudioUnit.framework; path = System/Library/Frameworks/AudioUnit.framework; sourceTree = SDKROOT; };
		00C0735A0FF32F8B004801EA /* CoreAudio.framework */ = {isa = PBXFileReference; lastKnownFileType = wrapper.framework; name = CoreAudio.framework; path = System/Library/Frameworks/CoreAudio.framework; sourceTree = SDKROOT; };
		00E0B6140F60DE8F002C8FBD /* ApplicationServices.framework */ = {isa = PBXFileReference; lastKnownFileType = wrapper.framework; name = ApplicationServices.framework; path = System/Library/Frameworks/ApplicationServices.framework; sourceTree = SDKROOT; };
		1058C7A1FEA54F0111CA2CBB /* Cocoa.framework */ = {isa = PBXFileReference; lastKnownFileType = wrapper.framework; name = Cocoa.framework; path = /System/Library/Frameworks/Cocoa.framework; sourceTree = "<absolute>"; };
		13E42FB307B3F0F600E4EEF1 /* CoreData.framework */ = {isa = PBXFileReference; lastKnownFileType = wrapper.framework; name = CoreData.framework; path = /System/Library/Frameworks/CoreData.framework; sourceTree = "<absolute>"; };
		29B97324FDCFA39411CA2CEA /* AppKit.framework */ = {isa = PBXFileReference; lastKnownFileType = wrapper.framework; name = AppKit.framework; path = /System/Library/Frameworks/AppKit.framework; sourceTree = "<absolute>"; };
		29B97325FDCFA39411CA2CEA /* Foundation.framework */ = {isa = PBXFileReference; lastKnownFileType = wrapper.framework; name = Foundation.framework; path = /System/Library/Frameworks/Foundation.framework; sourceTree = "<absolute>"; };
		32CA4F630368D1EE00C91783 /* ServerApp_Prefix.pch */ = {isa = PBXFileReference; fileEncoding = 4; lastKnownFileType = sourcecode.c.h; path = ServerApp_Prefix.pch; sourceTree = "<group>"; };
		5323E6B10EAFCA74003A9687 /* CoreVideo.framework */ = {isa = PBXFileReference; lastKnownFileType = wrapper.framework; name = CoreVideo.framework; path = /System/Library/Frameworks/CoreVideo.framework; sourceTree = "<absolute>"; };
		5323E6B50EAFCA7E003A9687 /* QTKit.framework */ = {isa = PBXFileReference; lastKnownFileType = wrapper.framework; name = QTKit.framework; path = /System/Library/Frameworks/QTKit.framework; sourceTree = "<absolute>"; };
		8D1107310486CEB800E47090 /* Info.plist */ = {isa = PBXFileReference; fileEncoding = 4; lastKnownFileType = text.plist.xml; path = Info.plist; sourceTree = "<group>"; };
		8D1107320486CEB800E47090 /* ServerApp.app */ = {isa = PBXFileReference; explicitFileType = wrapper.application; includeInIndex = 0; path = ServerApp.app; sourceTree = BUILT_PRODUCTS_DIR; };
		AE2DF4051B4C6E9200542A5C /* websocketpp */ = {isa = PBXFileReference; lastKnownFileType = folder; name = websocketpp; path = ../../../src/websocketpp; sourceTree = "<group>"; };
		AE2DF40F1B4C70B800542A5C /* CoreMedia.framework */ = {isa = PBXFileReference; lastKnownFileType = wrapper.framework; name = CoreMedia.framework; path = System/Library/Frameworks/CoreMedia.framework; sourceTree = SDKROOT; };
		AE2DF4111B4C70BD00542A5C /* AVFoundation.framework */ = {isa = PBXFileReference; lastKnownFileType = wrapper.framework; name = AVFoundation.framework; path = System/Library/Frameworks/AVFoundation.framework; sourceTree = SDKROOT; };
		AE2DF4131B4C70C100542A5C /* IOSurface.framework */ = {isa = PBXFileReference; lastKnownFileType = wrapper.framework; name = IOSurface.framework; path = System/Library/Frameworks/IOSurface.framework; sourceTree = SDKROOT; };
		AE2DF4151B4C70C600542A5C /* IOKit.framework */ = {isa = PBXFileReference; lastKnownFileType = wrapper.framework; name = IOKit.framework; path = System/Library/Frameworks/IOKit.framework; sourceTree = SDKROOT; };
		AE2F0EDB174D5E0200EC61B1 /* WebSocketServer.cpp */ = {isa = PBXFileReference; fileEncoding = 4; lastKnownFileType = sourcecode.cpp.cpp; name = WebSocketServer.cpp; path = ../../../src/WebSocketServer.cpp; sourceTree = "<group>"; };
		AE2F0EDC174D5E0200EC61B1 /* WebSocketServer.h */ = {isa = PBXFileReference; fileEncoding = 4; lastKnownFileType = sourcecode.c.h; name = WebSocketServer.h; path = ../../../src/WebSocketServer.h; sourceTree = "<group>"; };
		AE2F0EDE174D664900EC61B1 /* WebSocketConnection.h */ = {isa = PBXFileReference; lastKnownFileType = sourcecode.c.h; name = WebSocketConnection.h; path = ../../../src/WebSocketConnection.h; sourceTree = "<group>"; };
		AE2F0EDF174D66A500EC61B1 /* WebSocketConnection.cpp */ = {isa = PBXFileReference; fileEncoding = 4; lastKnownFileType = sourcecode.cpp.cpp; name = WebSocketConnection.cpp; path = ../../../src/WebSocketConnection.cpp; sourceTree = "<group>"; };
		BF3B8CEA173A19DA00377DF5 /* WebSocketClient.cpp */ = {isa = PBXFileReference; fileEncoding = 4; lastKnownFileType = sourcecode.cpp.cpp; name = WebSocketClient.cpp; path = ../../../src/WebSocketClient.cpp; sourceTree = "<group>"; };
		BF3B8CEB173A19DA00377DF5 /* WebSocketClient.h */ = {isa = PBXFileReference; fileEncoding = 4; lastKnownFileType = sourcecode.c.h; name = WebSocketClient.h; path = ../../../src/WebSocketClient.h; sourceTree = "<group>"; };
		BF3B8D68173A19EA00377DF5 /* ServerApp.cpp */ = {isa = PBXFileReference; fileEncoding = 4; lastKnownFileType = sourcecode.cpp.cpp; name = ServerApp.cpp; path = ../src/ServerApp.cpp; sourceTree = "<group>"; };
		BF3B8D6A173A1A0000377DF5 /* CinderApp.icns */ = {isa = PBXFileReference; lastKnownFileType = image.icns; path = CinderApp.icns; sourceTree = "<group>"; };
/* End PBXFileReference section */

/* Begin PBXFrameworksBuildPhase section */
		8D11072E0486CEB800E47090 /* Frameworks */ = {
			isa = PBXFrameworksBuildPhase;
			buildActionMask = 2147483647;
			files = (
				AE2DF4161B4C70C600542A5C /* IOKit.framework in Frameworks */,
				AE2DF4141B4C70C100542A5C /* IOSurface.framework in Frameworks */,
				AE2DF4121B4C70BD00542A5C /* AVFoundation.framework in Frameworks */,
				AE2DF4101B4C70B800542A5C /* CoreMedia.framework in Frameworks */,
				8D11072F0486CEB800E47090 /* Cocoa.framework in Frameworks */,
				0091D8F90E81B9330029341E /* OpenGL.framework in Frameworks */,
				5323E6B20EAFCA74003A9687 /* CoreVideo.framework in Frameworks */,
				5323E6B60EAFCA7E003A9687 /* QTKit.framework in Frameworks */,
				00E0B6150F60DE8F002C8FBD /* ApplicationServices.framework in Frameworks */,
				00C0735B0FF32F8B004801EA /* Accelerate.framework in Frameworks */,
				00C0735C0FF32F8B004801EA /* AudioToolbox.framework in Frameworks */,
				00C0735D0FF32F8B004801EA /* AudioUnit.framework in Frameworks */,
				00C0735E0FF32F8B004801EA /* CoreAudio.framework in Frameworks */,
			);
			runOnlyForDeploymentPostprocessing = 0;
		};
/* End PBXFrameworksBuildPhase section */

/* Begin PBXGroup section */
		080E96DDFE201D6D7F000001 /* Source */ = {
			isa = PBXGroup;
			children = (
				BF3B8D68173A19EA00377DF5 /* ServerApp.cpp */,
			);
			name = Source;
			sourceTree = "<group>";
		};
		1058C7A0FEA54F0111CA2CBB /* Linked Frameworks */ = {
			isa = PBXGroup;
			children = (
				AE2DF4151B4C70C600542A5C /* IOKit.framework */,
				AE2DF4131B4C70C100542A5C /* IOSurface.framework */,
				AE2DF4111B4C70BD00542A5C /* AVFoundation.framework */,
				AE2DF40F1B4C70B800542A5C /* CoreMedia.framework */,
				00C073570FF32F8B004801EA /* Accelerate.framework */,
				00C073580FF32F8B004801EA /* AudioToolbox.framework */,
				00C073590FF32F8B004801EA /* AudioUnit.framework */,
				00C0735A0FF32F8B004801EA /* CoreAudio.framework */,
				00E0B6140F60DE8F002C8FBD /* ApplicationServices.framework */,
				5323E6B50EAFCA7E003A9687 /* QTKit.framework */,
				5323E6B10EAFCA74003A9687 /* CoreVideo.framework */,
				0091D8F80E81B9330029341E /* OpenGL.framework */,
				1058C7A1FEA54F0111CA2CBB /* Cocoa.framework */,
			);
			name = "Linked Frameworks";
			sourceTree = "<group>";
		};
		1058C7A2FEA54F0111CA2CBB /* Other Frameworks */ = {
			isa = PBXGroup;
			children = (
				29B97324FDCFA39411CA2CEA /* AppKit.framework */,
				13E42FB307B3F0F600E4EEF1 /* CoreData.framework */,
				29B97325FDCFA39411CA2CEA /* Foundation.framework */,
			);
			name = "Other Frameworks";
			sourceTree = "<group>";
		};
		19C28FACFE9D520D11CA2CBB /* Products */ = {
			isa = PBXGroup;
			children = (
				8D1107320486CEB800E47090 /* ServerApp.app */,
			);
			name = Products;
			sourceTree = "<group>";
		};
		29B97314FDCFA39411CA2CEA /* basicApp */ = {
			isa = PBXGroup;
			children = (
				BF3B8C67173A18AC00377DF5 /* Blocks */,
				080E96DDFE201D6D7F000001 /* Source */,
				29B97315FDCFA39411CA2CEA /* Other Sources */,
				29B97317FDCFA39411CA2CEA /* Resources */,
				29B97323FDCFA39411CA2CEA /* Frameworks */,
				19C28FACFE9D520D11CA2CBB /* Products */,
			);
			name = basicApp;
			sourceTree = "<group>";
		};
		29B97315FDCFA39411CA2CEA /* Other Sources */ = {
			isa = PBXGroup;
			children = (
				32CA4F630368D1EE00C91783 /* ServerApp_Prefix.pch */,
			);
			name = "Other Sources";
			sourceTree = "<group>";
		};
		29B97317FDCFA39411CA2CEA /* Resources */ = {
			isa = PBXGroup;
			children = (
				BF3B8D6A173A1A0000377DF5 /* CinderApp.icns */,
				8D1107310486CEB800E47090 /* Info.plist */,
			);
			name = Resources;
			sourceTree = "<group>";
		};
		29B97323FDCFA39411CA2CEA /* Frameworks */ = {
			isa = PBXGroup;
			children = (
				1058C7A0FEA54F0111CA2CBB /* Linked Frameworks */,
				1058C7A2FEA54F0111CA2CBB /* Other Frameworks */,
			);
			name = Frameworks;
			sourceTree = "<group>";
		};
		BF3B8C67173A18AC00377DF5 /* Blocks */ = {
			isa = PBXGroup;
			children = (
				BF3B8C69173A18CC00377DF5 /* Cinder-WebSocketPP */,
			);
			name = Blocks;
			sourceTree = "<group>";
		};
		BF3B8C69173A18CC00377DF5 /* Cinder-WebSocketPP */ = {
			isa = PBXGroup;
			children = (
				AE2DF4051B4C6E9200542A5C /* websocketpp */,
				BF3B8CEA173A19DA00377DF5 /* WebSocketClient.cpp */,
				BF3B8CEB173A19DA00377DF5 /* WebSocketClient.h */,
				AE2F0EDE174D664900EC61B1 /* WebSocketConnection.h */,
				AE2F0EDF174D66A500EC61B1 /* WebSocketConnection.cpp */,
				AE2F0EDB174D5E0200EC61B1 /* WebSocketServer.cpp */,
				AE2F0EDC174D5E0200EC61B1 /* WebSocketServer.h */,
			);
			name = "Cinder-WebSocketPP";
			sourceTree = "<group>";
		};
/* End PBXGroup section */

/* Begin PBXNativeTarget section */
		8D1107260486CEB800E47090 /* ServerApp */ = {
			isa = PBXNativeTarget;
			buildConfigurationList = C01FCF4A08A954540054247B /* Build configuration list for PBXNativeTarget "ServerApp" */;
			buildPhases = (
				8D1107290486CEB800E47090 /* Resources */,
				8D11072C0486CEB800E47090 /* Sources */,
				8D11072E0486CEB800E47090 /* Frameworks */,
			);
			buildRules = (
			);
			dependencies = (
			);
			name = ServerApp;
			productInstallPath = "$(HOME)/Applications";
			productName = basicApp;
			productReference = 8D1107320486CEB800E47090 /* ServerApp.app */;
			productType = "com.apple.product-type.application";
		};
/* End PBXNativeTarget section */

/* Begin PBXProject section */
		29B97313FDCFA39411CA2CEA /* Project object */ = {
			isa = PBXProject;
			attributes = {
				LastUpgradeCheck = 0640;
			};
			buildConfigurationList = C01FCF4E08A954540054247B /* Build configuration list for PBXProject "ServerApp" */;
			compatibilityVersion = "Xcode 3.2";
			developmentRegion = English;
			hasScannedForEncodings = 1;
			knownRegions = (
				English,
				Japanese,
				French,
				German,
			);
			mainGroup = 29B97314FDCFA39411CA2CEA /* basicApp */;
			projectDirPath = "";
			projectRoot = "";
			targets = (
				8D1107260486CEB800E47090 /* ServerApp */,
			);
		};
/* End PBXProject section */

/* Begin PBXResourcesBuildPhase section */
		8D1107290486CEB800E47090 /* Resources */ = {
			isa = PBXResourcesBuildPhase;
			buildActionMask = 2147483647;
			files = (
				AE2DF4061B4C6E9200542A5C /* websocketpp in Resources */,
				BF3B8D6B173A1A0000377DF5 /* CinderApp.icns in Resources */,
			);
			runOnlyForDeploymentPostprocessing = 0;
		};
/* End PBXResourcesBuildPhase section */

/* Begin PBXSourcesBuildPhase section */
		8D11072C0486CEB800E47090 /* Sources */ = {
			isa = PBXSourcesBuildPhase;
			buildActionMask = 2147483647;
			files = (
				BF3B8D5E173A19DB00377DF5 /* WebSocketClient.cpp in Sources */,
				BF3B8D69173A19EA00377DF5 /* ServerApp.cpp in Sources */,
				AE2F0EDD174D5E0200EC61B1 /* WebSocketServer.cpp in Sources */,
				AE2F0EE0174D66A500EC61B1 /* WebSocketConnection.cpp in Sources */,
			);
			runOnlyForDeploymentPostprocessing = 0;
		};
/* End PBXSourcesBuildPhase section */

/* Begin XCBuildConfiguration section */
		C01FCF4B08A954540054247B /* Debug */ = {
			isa = XCBuildConfiguration;
			buildSettings = {
				CLANG_CXX_LIBRARY = "libc++";
				COMBINE_HIDPI_IMAGES = YES;
				COPY_PHASE_STRIP = NO;
				DEAD_CODE_STRIPPING = NO;
				DEBUG_INFORMATION_FORMAT = dwarf;
				GCC_DYNAMIC_NO_PIC = NO;
				GCC_INLINES_ARE_PRIVATE_EXTERN = YES;
				GCC_OPTIMIZATION_LEVEL = 0;
				GCC_PRECOMPILE_PREFIX_HEADER = YES;
				GCC_PREFIX_HEADER = ServerApp_Prefix.pch;
				GCC_SYMBOLS_PRIVATE_EXTERN = NO;
				INFOPLIST_FILE = Info.plist;
				INSTALL_PATH = "$(HOME)/Applications";
				OTHER_LDFLAGS = "$(CINDER_PATH)/lib/libcinder_d.a";
				PRODUCT_NAME = ServerApp;
				SDKROOT = macosx;
				WRAPPER_EXTENSION = app;
			};
			name = Debug;
		};
		C01FCF4C08A954540054247B /* Release */ = {
			isa = XCBuildConfiguration;
			buildSettings = {
				CLANG_CXX_LIBRARY = "libc++";
				COMBINE_HIDPI_IMAGES = YES;
				DEAD_CODE_STRIPPING = YES;
				DEBUG_INFORMATION_FORMAT = dwarf;
				GCC_FAST_MATH = YES;
				GCC_INLINES_ARE_PRIVATE_EXTERN = YES;
				GCC_OPTIMIZATION_LEVEL = 3;
				GCC_PRECOMPILE_PREFIX_HEADER = YES;
				GCC_PREFIX_HEADER = ServerApp_Prefix.pch;
				GCC_SYMBOLS_PRIVATE_EXTERN = NO;
				INFOPLIST_FILE = Info.plist;
				INSTALL_PATH = "$(HOME)/Applications";
				LD_GENERATE_MAP_FILE = YES;
				OTHER_CPLUSPLUSFLAGS = "$(OTHER_CFLAGS)";
				OTHER_LDFLAGS = "$(CINDER_PATH)/lib/libcinder.a";
				PRESERVE_DEAD_CODE_INITS_AND_TERMS = NO;
				PRODUCT_NAME = ServerApp;
				SDKROOT = macosx;
				STRIP_INSTALLED_PRODUCT = YES;
				WRAPPER_EXTENSION = app;
			};
			name = Release;
		};
		C01FCF4F08A954540054247B /* Debug */ = {
			isa = XCBuildConfiguration;
			buildSettings = {
				CINDER_PATH = ../../../../..;
				CLANG_CXX_LANGUAGE_STANDARD = "c++0x";
				GCC_WARN_ABOUT_RETURN_TYPE = YES;
				GCC_WARN_UNUSED_VARIABLE = YES;
				HEADER_SEARCH_PATHS = "";
				LIBRARY_SEARCH_PATHS = "";
				MACOSX_DEPLOYMENT_TARGET = 10.7;
				ONLY_ACTIVE_ARCH = YES;
				OTHER_LDFLAGS = "";
				SDKROOT = macosx;
				SYMROOT = ./build;
				USER_HEADER_SEARCH_PATHS = "$(CINDER_PATH)/include $(CINDER_PATH)/blocks/Cinder-WebSocketPP/src $(CINDER_PATH)/include/asio";
			};
			name = Debug;
		};
		C01FCF5008A954540054247B /* Release */ = {
			isa = XCBuildConfiguration;
			buildSettings = {
				CINDER_PATH = ../../../../..;
				CLANG_CXX_LANGUAGE_STANDARD = "c++0x";
				GCC_WARN_ABOUT_RETURN_TYPE = YES;
				GCC_WARN_UNUSED_VARIABLE = YES;
				HEADER_SEARCH_PATHS = "";
				LIBRARY_SEARCH_PATHS = "";
				MACOSX_DEPLOYMENT_TARGET = 10.7;
				OTHER_LDFLAGS = "";
				SDKROOT = macosx;
				SYMROOT = ./build;
				USER_HEADER_SEARCH_PATHS = "$(CINDER_PATH)/include $(CINDER_PATH)/blocks/Cinder-WebSocketPP/src $(CINDER_PATH)/include/asio";
			};
			name = Release;
		};
/* End XCBuildConfiguration section */

/* Begin XCConfigurationList section */
		C01FCF4A08A954540054247B /* Build configuration list for PBXNativeTarget "ServerApp" */ = {
			isa = XCConfigurationList;
			buildConfigurations = (
				C01FCF4B08A954540054247B /* Debug */,
				C01FCF4C08A954540054247B /* Release */,
			);
			defaultConfigurationIsVisible = 0;
			defaultConfigurationName = Release;
		};
		C01FCF4E08A954540054247B /* Build configuration list for PBXProject "ServerApp" */ = {
			isa = XCConfigurationList;
			buildConfigurations = (
				C01FCF4F08A954540054247B /* Debug */,
				C01FCF5008A954540054247B /* Release */,
			);
			defaultConfigurationIsVisible = 0;
			defaultConfigurationName = Release;
		};
/* End XCConfigurationList section */
	};
	rootObject = 29B97313FDCFA39411CA2CEA /* Project object */;
}
