<?xml version="1.0" encoding="utf-8"?>
<Project ToolsVersion="4.0" xmlns="http://schemas.microsoft.com/developer/msbuild/2003">
  <ItemGroup>
    <Filter Include="Source Files">
      <UniqueIdentifier>{4FC737F1-C7A5-4376-A066-2A32D752A2FF}</UniqueIdentifier>
      <Extensions>cpp;c;cc;cxx;def;odl;idl;hpj;bat;asm;asmx</Extensions>
    </Filter>
    <Filter Include="Resource Files">
      <UniqueIdentifier>{67DA6AB6-F800-4c08-8B7A-83BB121AAD01}</UniqueIdentifier>
      <Extensions>rc;ico;cur;bmp;dlg;rc2;rct;bin;rgs;gif;jpg;jpeg;jpe;resx;tiff;tif;png;wav</Extensions>
    </Filter>
    <Filter Include="blocks">
      <UniqueIdentifier>{12c109b0-3328-4ac7-9f50-ca1b1def9f78}</UniqueIdentifier>
    </Filter>
    <Filter Include="blocks\Cinder-WebSocketPP">
      <UniqueIdentifier>{d45aa58d-7663-478b-a850-b76b7c94338c}</UniqueIdentifier>
    </Filter>
    <Filter Include="blocks\Cinder-WebSocketPP\Source Files">
      <UniqueIdentifier>{83b0192b-62da-4637-93db-f21aab276ec7}</UniqueIdentifier>
    </Filter>
    <Filter Include="blocks\Cinder-WebSocketPP\Header Files">
      <UniqueIdentifier>{e5070996-e109-4c58-a95a-eff56f68723e}</UniqueIdentifier>
    </Filter>
    <Filter Include="Header Files">
      <UniqueIdentifier>{93995380-89BD-4b04-88EB-625FBE52EBFB}</UniqueIdentifier>
      <Extensions>h;hpp;hxx;hm;inl;inc;xsd</Extensions>
    </Filter>
    <Filter Include="blocks\Cinder-WebSocketPP\Header Files\websocketpp">
      <UniqueIdentifier>{31f150cc-14fc-41c4-8349-df80b111a916}</UniqueIdentifier>
    </Filter>
    <Filter Include="blocks\Cinder-WebSocketPP\Header Files\websocketpp\base64">
      <UniqueIdentifier>{38f55d5f-f7fa-4e14-8b3f-dce32c0c212a}</UniqueIdentifier>
    </Filter>
    <Filter Include="blocks\Cinder-WebSocketPP\Header Files\websocketpp\common">
      <UniqueIdentifier>{1b470902-977e-48ea-9186-88d3e563a167}</UniqueIdentifier>
    </Filter>
    <Filter Include="blocks\Cinder-WebSocketPP\Header Files\websocketpp\concurrency">
      <UniqueIdentifier>{fadad6a1-2b1d-4a34-b0c1-b4d952609c6b}</UniqueIdentifier>
    </Filter>
    <Filter Include="blocks\Cinder-WebSocketPP\Header Files\websocketpp\config">
      <UniqueIdentifier>{c46cbe02-6128-4bfe-bfcf-604eee96a4e2}</UniqueIdentifier>
    </Filter>
    <Filter Include="blocks\Cinder-WebSocketPP\Header Files\websocketpp\extensions">
      <UniqueIdentifier>{1445c5e7-1ffc-46b5-8c99-d7f0503f63ac}</UniqueIdentifier>
    </Filter>
    <Filter Include="blocks\Cinder-WebSocketPP\Header Files\websocketpp\http">
      <UniqueIdentifier>{0be83eeb-eec1-438b-98d2-0edd23d31516}</UniqueIdentifier>
    </Filter>
    <Filter Include="blocks\Cinder-WebSocketPP\Header Files\websocketpp\impl">
      <UniqueIdentifier>{393b8001-db86-440d-ba3d-863159064211}</UniqueIdentifier>
    </Filter>
    <Filter Include="blocks\Cinder-WebSocketPP\Header Files\websocketpp\logger">
      <UniqueIdentifier>{27a87e6a-e5c1-41a6-b66d-5b1878d57a3c}</UniqueIdentifier>
    </Filter>
    <Filter Include="blocks\Cinder-WebSocketPP\Header Files\websocketpp\message_buffer">
      <UniqueIdentifier>{8c440dc2-ce7d-4355-81a9-599ade667406}</UniqueIdentifier>
    </Filter>
    <Filter Include="blocks\Cinder-WebSocketPP\Header Files\websocketpp\processors">
      <UniqueIdentifier>{5207199b-e0e2-48cc-97e2-b5a96ab4ede1}</UniqueIdentifier>
    </Filter>
    <Filter Include="blocks\Cinder-WebSocketPP\Header Files\websocketpp\random">
      <UniqueIdentifier>{d3a66fbe-0cdf-4930-9146-ef372e4c64ee}</UniqueIdentifier>
    </Filter>
    <Filter Include="blocks\Cinder-WebSocketPP\Header Files\websocketpp\roles">
      <UniqueIdentifier>{5e24ab24-bb3e-4a66-bb97-7211b2d548e9}</UniqueIdentifier>
    </Filter>
    <Filter Include="blocks\Cinder-WebSocketPP\Header Files\websocketpp\sha1">
      <UniqueIdentifier>{e4858e24-c3fb-4f19-bcdc-4bd94e741c9b}</UniqueIdentifier>
    </Filter>
    <Filter Include="blocks\Cinder-WebSocketPP\Header Files\websocketpp\transport">
      <UniqueIdentifier>{50a3d274-a010-45e4-a2b1-93aefc91e680}</UniqueIdentifier>
    </Filter>
    <Filter Include="blocks\Cinder-WebSocketPP\Header Files\websocketpp\extensions\permessage_deflate">
      <UniqueIdentifier>{3477f10b-d2c0-47ca-9b4f-c4b3a68add10}</UniqueIdentifier>
    </Filter>
    <Filter Include="blocks\Cinder-WebSocketPP\Header Files\websocketpp\http\impl">
      <UniqueIdentifier>{48b3b6ff-4566-4763-a747-f15ca34156c4}</UniqueIdentifier>
    </Filter>
    <Filter Include="blocks\Cinder-WebSocketPP\Header Files\websocketpp\transport\asio">
      <UniqueIdentifier>{37999826-6231-496c-b391-cb321d016df3}</UniqueIdentifier>
    </Filter>
    <Filter Include="blocks\Cinder-WebSocketPP\Header Files\websocketpp\transport\iostream">
      <UniqueIdentifier>{ae567a6c-3951-47ee-8947-d8b30f3ad329}</UniqueIdentifier>
    </Filter>
    <Filter Include="blocks\Cinder-WebSocketPP\Header Files\websocketpp\transport\asio\security">
      <UniqueIdentifier>{29427b76-a7ef-456b-b154-58b6850bbf4f}</UniqueIdentifier>
    </Filter>
    <Filter Include="blocks\Cinder-WebSocketPP\Header Files\websocketpp\transport\base">
      <UniqueIdentifier>{11393b56-c899-4813-b6c9-5cb665375ee5}</UniqueIdentifier>
    </Filter>
  </ItemGroup>
  <ItemGroup>
    <ClCompile Include="..\src\ServerApp.cpp">
      <Filter>Source Files</Filter>
    </ClCompile>
    <ClCompile Include="..\..\..\src\WebSocketClient.cpp">
      <Filter>blocks\Cinder-WebSocketPP\Source Files</Filter>
    </ClCompile>
    <ClCompile Include="..\..\..\src\WebSocketConnection.cpp">
      <Filter>blocks\Cinder-WebSocketPP\Source Files</Filter>
    </ClCompile>
    <ClCompile Include="..\..\..\src\WebSocketServer.cpp">
      <Filter>blocks\Cinder-WebSocketPP\Source Files</Filter>
    </ClCompile>
  </ItemGroup>
  <ItemGroup>
    <ClInclude Include="..\..\..\src\WebSocketClient.h">
      <Filter>blocks\Cinder-WebSocketPP\Header Files</Filter>
    </ClInclude>
    <ClInclude Include="..\..\..\src\WebSocketServer.h">
      <Filter>blocks\Cinder-WebSocketPP\Header Files</Filter>
    </ClInclude>
    <ClInclude Include="..\..\..\src\WebSocketConnection.h">
      <Filter>blocks\Cinder-WebSocketPP\Header Files</Filter>
    </ClInclude>
    <ClInclude Include="..\..\..\src\websocketpp\client.hpp">
      <Filter>blocks\Cinder-WebSocketPP\Header Files\websocketpp</Filter>
    </ClInclude>
    <ClInclude Include="..\..\..\src\websocketpp\close.hpp">
      <Filter>blocks\Cinder-WebSocketPP\Header Files\websocketpp</Filter>
    </ClInclude>
    <ClInclude Include="..\..\..\src\websocketpp\connection.hpp">
      <Filter>blocks\Cinder-WebSocketPP\Header Files\websocketpp</Filter>
    </ClInclude>
    <ClInclude Include="..\..\..\src\websocketpp\connection_base.hpp">
      <Filter>blocks\Cinder-WebSocketPP\Header Files\websocketpp</Filter>
    </ClInclude>
    <ClInclude Include="..\..\..\src\websocketpp\endpoint.hpp">
      <Filter>blocks\Cinder-WebSocketPP\Header Files\websocketpp</Filter>
    </ClInclude>
    <ClInclude Include="..\..\..\src\websocketpp\endpoint_base.hpp">
      <Filter>blocks\Cinder-WebSocketPP\Header Files\websocketpp</Filter>
    </ClInclude>
    <ClInclude Include="..\..\..\src\websocketpp\error.hpp">
      <Filter>blocks\Cinder-WebSocketPP\Header Files\websocketpp</Filter>
    </ClInclude>
    <ClInclude Include="..\..\..\src\websocketpp\error_container.hpp">
      <Filter>blocks\Cinder-WebSocketPP\Header Files\websocketpp</Filter>
    </ClInclude>
    <ClInclude Include="..\..\..\src\websocketpp\frame.hpp">
      <Filter>blocks\Cinder-WebSocketPP\Header Files\websocketpp</Filter>
    </ClInclude>
    <ClInclude Include="..\..\..\src\websocketpp\server.hpp">
      <Filter>blocks\Cinder-WebSocketPP\Header Files\websocketpp</Filter>
    </ClInclude>
    <ClInclude Include="..\..\..\src\websocketpp\uri.hpp">
      <Filter>blocks\Cinder-WebSocketPP\Header Files\websocketpp</Filter>
    </ClInclude>
    <ClInclude Include="..\..\..\src\websocketpp\utf8_validator.hpp">
      <Filter>blocks\Cinder-WebSocketPP\Header Files\websocketpp</Filter>
    </ClInclude>
    <ClInclude Include="..\..\..\src\websocketpp\utilities.hpp">
      <Filter>blocks\Cinder-WebSocketPP\Header Files\websocketpp</Filter>
    </ClInclude>
    <ClInclude Include="..\..\..\src\websocketpp\version.hpp">
      <Filter>blocks\Cinder-WebSocketPP\Header Files\websocketpp</Filter>
    </ClInclude>
    <ClInclude Include="..\..\..\src\websocketpp\base64\base64.hpp">
      <Filter>blocks\Cinder-WebSocketPP\Header Files\websocketpp\base64</Filter>
    </ClInclude>
    <ClInclude Include="..\..\..\src\websocketpp\common\chrono.hpp">
      <Filter>blocks\Cinder-WebSocketPP\Header Files\websocketpp\common</Filter>
    </ClInclude>
    <ClInclude Include="..\..\..\src\websocketpp\common\connection_hdl.hpp">
      <Filter>blocks\Cinder-WebSocketPP\Header Files\websocketpp\common</Filter>
    </ClInclude>
    <ClInclude Include="..\..\..\src\websocketpp\common\cpp11.hpp">
      <Filter>blocks\Cinder-WebSocketPP\Header Files\websocketpp\common</Filter>
    </ClInclude>
    <ClInclude Include="..\..\..\src\websocketpp\common\functional.hpp">
      <Filter>blocks\Cinder-WebSocketPP\Header Files\websocketpp\common</Filter>
    </ClInclude>
    <ClInclude Include="..\..\..\src\websocketpp\common\md5.hpp">
      <Filter>blocks\Cinder-WebSocketPP\Header Files\websocketpp\common</Filter>
    </ClInclude>
    <ClInclude Include="..\..\..\src\websocketpp\common\memory.hpp">
      <Filter>blocks\Cinder-WebSocketPP\Header Files\websocketpp\common</Filter>
    </ClInclude>
    <ClInclude Include="..\..\..\src\websocketpp\common\network.hpp">
      <Filter>blocks\Cinder-WebSocketPP\Header Files\websocketpp\common</Filter>
    </ClInclude>
    <ClInclude Include="..\..\..\src\websocketpp\common\platforms.hpp">
      <Filter>blocks\Cinder-WebSocketPP\Header Files\websocketpp\common</Filter>
    </ClInclude>
    <ClInclude Include="..\..\..\src\websocketpp\common\random.hpp">
      <Filter>blocks\Cinder-WebSocketPP\Header Files\websocketpp\common</Filter>
    </ClInclude>
    <ClInclude Include="..\..\..\src\websocketpp\common\regex.hpp">
      <Filter>blocks\Cinder-WebSocketPP\Header Files\websocketpp\common</Filter>
    </ClInclude>
    <ClInclude Include="..\..\..\src\websocketpp\common\stdint.hpp">
      <Filter>blocks\Cinder-WebSocketPP\Header Files\websocketpp\common</Filter>
    </ClInclude>
    <ClInclude Include="..\..\..\src\websocketpp\common\system_error.hpp">
      <Filter>blocks\Cinder-WebSocketPP\Header Files\websocketpp\common</Filter>
    </ClInclude>
    <ClInclude Include="..\..\..\src\websocketpp\common\thread.hpp">
      <Filter>blocks\Cinder-WebSocketPP\Header Files\websocketpp\common</Filter>
    </ClInclude>
    <ClInclude Include="..\..\..\src\websocketpp\concurrency\basic.hpp">
      <Filter>blocks\Cinder-WebSocketPP\Header Files\websocketpp\concurrency</Filter>
    </ClInclude>
    <ClInclude Include="..\..\..\src\websocketpp\concurrency\none.hpp">
      <Filter>blocks\Cinder-WebSocketPP\Header Files\websocketpp\concurrency</Filter>
    </ClInclude>
    <ClInclude Include="..\..\..\src\websocketpp\config\asio.hpp">
      <Filter>blocks\Cinder-WebSocketPP\Header Files\websocketpp\config</Filter>
    </ClInclude>
    <ClInclude Include="..\..\..\src\websocketpp\config\asio_client.hpp">
      <Filter>blocks\Cinder-WebSocketPP\Header Files\websocketpp\config</Filter>
    </ClInclude>
    <ClInclude Include="..\..\..\src\websocketpp\config\asio_no_tls.hpp">
      <Filter>blocks\Cinder-WebSocketPP\Header Files\websocketpp\config</Filter>
    </ClInclude>
    <ClInclude Include="..\..\..\src\websocketpp\config\asio_no_tls_client.hpp">
      <Filter>blocks\Cinder-WebSocketPP\Header Files\websocketpp\config</Filter>
    </ClInclude>
    <ClInclude Include="..\..\..\src\websocketpp\config\core.hpp">
      <Filter>blocks\Cinder-WebSocketPP\Header Files\websocketpp\config</Filter>
    </ClInclude>
    <ClInclude Include="..\..\..\src\websocketpp\config\core_client.hpp">
      <Filter>blocks\Cinder-WebSocketPP\Header Files\websocketpp\config</Filter>
    </ClInclude>
    <ClInclude Include="..\..\..\src\websocketpp\config\debug.hpp">
      <Filter>blocks\Cinder-WebSocketPP\Header Files\websocketpp\config</Filter>
    </ClInclude>
    <ClInclude Include="..\..\..\src\websocketpp\config\debug_asio.hpp">
      <Filter>blocks\Cinder-WebSocketPP\Header Files\websocketpp\config</Filter>
    </ClInclude>
    <ClInclude Include="..\..\..\src\websocketpp\config\debug_asio_no_tls.hpp">
      <Filter>blocks\Cinder-WebSocketPP\Header Files\websocketpp\config</Filter>
    </ClInclude>
    <ClInclude Include="..\..\..\src\websocketpp\extensions\extension.hpp">
      <Filter>blocks\Cinder-WebSocketPP\Header Files\websocketpp\extensions</Filter>
    </ClInclude>
    <ClInclude Include="..\..\..\src\websocketpp\extensions\permessage_deflate\disabled.hpp">
      <Filter>blocks\Cinder-WebSocketPP\Header Files\websocketpp\extensions\permessage_deflate</Filter>
    </ClInclude>
    <ClInclude Include="..\..\..\src\websocketpp\extensions\permessage_deflate\enabled.hpp">
      <Filter>blocks\Cinder-WebSocketPP\Header Files\websocketpp\extensions\permessage_deflate</Filter>
    </ClInclude>
    <ClInclude Include="..\..\..\src\websocketpp\http\constants.hpp">
      <Filter>blocks\Cinder-WebSocketPP\Header Files\websocketpp\http</Filter>
    </ClInclude>
    <ClInclude Include="..\..\..\src\websocketpp\http\parser.hpp">
      <Filter>blocks\Cinder-WebSocketPP\Header Files\websocketpp\http</Filter>
    </ClInclude>
    <ClInclude Include="..\..\..\src\websocketpp\http\request.hpp">
      <Filter>blocks\Cinder-WebSocketPP\Header Files\websocketpp\http</Filter>
    </ClInclude>
    <ClInclude Include="..\..\..\src\websocketpp\http\response.hpp">
      <Filter>blocks\Cinder-WebSocketPP\Header Files\websocketpp\http</Filter>
    </ClInclude>
    <ClInclude Include="..\..\..\src\websocketpp\http\impl\parser.hpp">
      <Filter>blocks\Cinder-WebSocketPP\Header Files\websocketpp\http\impl</Filter>
    </ClInclude>
    <ClInclude Include="..\..\..\src\websocketpp\http\impl\request.hpp">
      <Filter>blocks\Cinder-WebSocketPP\Header Files\websocketpp\http\impl</Filter>
    </ClInclude>
    <ClInclude Include="..\..\..\src\websocketpp\http\impl\response.hpp">
      <Filter>blocks\Cinder-WebSocketPP\Header Files\websocketpp\http\impl</Filter>
    </ClInclude>
    <ClInclude Include="..\..\..\src\websocketpp\impl\connection_impl.hpp">
      <Filter>blocks\Cinder-WebSocketPP\Header Files\websocketpp\impl</Filter>
    </ClInclude>
    <ClInclude Include="..\..\..\src\websocketpp\impl\endpoint_impl.hpp">
      <Filter>blocks\Cinder-WebSocketPP\Header Files\websocketpp\impl</Filter>
    </ClInclude>
    <ClInclude Include="..\..\..\src\websocketpp\impl\utilities_impl.hpp">
      <Filter>blocks\Cinder-WebSocketPP\Header Files\websocketpp\impl</Filter>
    </ClInclude>
    <ClInclude Include="..\..\..\src\websocketpp\logger\basic.hpp">
      <Filter>blocks\Cinder-WebSocketPP\Header Files\websocketpp\logger</Filter>
    </ClInclude>
    <ClInclude Include="..\..\..\src\websocketpp\logger\levels.hpp">
      <Filter>blocks\Cinder-WebSocketPP\Header Files\websocketpp\logger</Filter>
    </ClInclude>
    <ClInclude Include="..\..\..\src\websocketpp\logger\stub.hpp">
      <Filter>blocks\Cinder-WebSocketPP\Header Files\websocketpp\logger</Filter>
    </ClInclude>
    <ClInclude Include="..\..\..\src\websocketpp\message_buffer\alloc.hpp">
      <Filter>blocks\Cinder-WebSocketPP\Header Files\websocketpp\message_buffer</Filter>
    </ClInclude>
    <ClInclude Include="..\..\..\src\websocketpp\message_buffer\message.hpp">
      <Filter>blocks\Cinder-WebSocketPP\Header Files\websocketpp\message_buffer</Filter>
    </ClInclude>
    <ClInclude Include="..\..\..\src\websocketpp\message_buffer\pool.hpp">
      <Filter>blocks\Cinder-WebSocketPP\Header Files\websocketpp\message_buffer</Filter>
    </ClInclude>
    <ClInclude Include="..\..\..\src\websocketpp\transport\asio\base.hpp">
      <Filter>blocks\Cinder-WebSocketPP\Header Files\websocketpp\transport\asio</Filter>
    </ClInclude>
    <ClInclude Include="..\..\..\src\websocketpp\transport\asio\connection.hpp">
      <Filter>blocks\Cinder-WebSocketPP\Header Files\websocketpp\transport\asio</Filter>
    </ClInclude>
    <ClInclude Include="..\..\..\src\websocketpp\transport\asio\endpoint.hpp">
      <Filter>blocks\Cinder-WebSocketPP\Header Files\websocketpp\transport\asio</Filter>
    </ClInclude>
    <ClInclude Include="..\..\..\src\websocketpp\transport\asio\security\base.hpp">
      <Filter>blocks\Cinder-WebSocketPP\Header Files\websocketpp\transport\asio\security</Filter>
    </ClInclude>
    <ClInclude Include="..\..\..\src\websocketpp\transport\asio\security\none.hpp">
      <Filter>blocks\Cinder-WebSocketPP\Header Files\websocketpp\transport\asio\security</Filter>
    </ClInclude>
    <ClInclude Include="..\..\..\src\websocketpp\transport\asio\security\tls.hpp">
      <Filter>blocks\Cinder-WebSocketPP\Header Files\websocketpp\transport\asio\security</Filter>
    </ClInclude>
    <ClInclude Include="..\..\..\src\websocketpp\transport\base\connection.hpp">
      <Filter>blocks\Cinder-WebSocketPP\Header Files\websocketpp\transport\base</Filter>
    </ClInclude>
    <ClInclude Include="..\..\..\src\websocketpp\transport\base\endpoint.hpp">
      <Filter>blocks\Cinder-WebSocketPP\Header Files\websocketpp\transport\base</Filter>
    </ClInclude>
    <ClInclude Include="..\..\..\src\websocketpp\transport\iostream\base.hpp">
      <Filter>blocks\Cinder-WebSocketPP\Header Files\websocketpp\transport\iostream</Filter>
    </ClInclude>
    <ClInclude Include="..\..\..\src\websocketpp\transport\iostream\connection.hpp">
      <Filter>blocks\Cinder-WebSocketPP\Header Files\websocketpp\transport\iostream</Filter>
    </ClInclude>
    <ClInclude Include="..\..\..\src\websocketpp\transport\iostream\endpoint.hpp">
      <Filter>blocks\Cinder-WebSocketPP\Header Files\websocketpp\transport\iostream</Filter>
    </ClInclude>
    <ClInclude Include="..\..\..\src\websocketpp\sha1\sha1.hpp">
      <Filter>blocks\Cinder-WebSocketPP\Header Files\websocketpp\sha1</Filter>
    </ClInclude>
    <ClInclude Include="..\..\..\src\websocketpp\roles\client_endpoint.hpp">
      <Filter>blocks\Cinder-WebSocketPP\Header Files\websocketpp\roles</Filter>
    </ClInclude>
    <ClInclude Include="..\..\..\src\websocketpp\roles\server_endpoint.hpp">
      <Filter>blocks\Cinder-WebSocketPP\Header Files\websocketpp\roles</Filter>
    </ClInclude>
    <ClInclude Include="..\..\..\src\websocketpp\random\none.hpp">
      <Filter>blocks\Cinder-WebSocketPP\Header Files\websocketpp\random</Filter>
    </ClInclude>
    <ClInclude Include="..\..\..\src\websocketpp\random\random_device.hpp">
      <Filter>blocks\Cinder-WebSocketPP\Header Files\websocketpp\random</Filter>
    </ClInclude>
    <ClInclude Include="..\..\..\src\websocketpp\processors\base.hpp">
      <Filter>blocks\Cinder-WebSocketPP\Header Files\websocketpp\processors</Filter>
    </ClInclude>
    <ClInclude Include="..\..\..\src\websocketpp\processors\hybi00.hpp">
      <Filter>blocks\Cinder-WebSocketPP\Header Files\websocketpp\processors</Filter>
    </ClInclude>
    <ClInclude Include="..\..\..\src\websocketpp\processors\hybi07.hpp">
      <Filter>blocks\Cinder-WebSocketPP\Header Files\websocketpp\processors</Filter>
    </ClInclude>
    <ClInclude Include="..\..\..\src\websocketpp\processors\hybi08.hpp">
      <Filter>blocks\Cinder-WebSocketPP\Header Files\websocketpp\processors</Filter>
    </ClInclude>
    <ClInclude Include="..\..\..\src\websocketpp\processors\hybi13.hpp">
      <Filter>blocks\Cinder-WebSocketPP\Header Files\websocketpp\processors</Filter>
    </ClInclude>
    <ClInclude Include="..\..\..\src\websocketpp\processors\processor.hpp">
      <Filter>blocks\Cinder-WebSocketPP\Header Files\websocketpp\processors</Filter>
    </ClInclude>
    <ClInclude Include="..\..\..\src\websocketpp\config\boost_config.hpp">
      <Filter>blocks\Cinder-WebSocketPP\Header Files\websocketpp\config</Filter>
    </ClInclude>
  </ItemGroup>
  <ItemGroup>
    <Image Include="cinder_app_icon.ico">
      <Filter>Resource Files</Filter>
    </Image>
  </ItemGroup>
  <ItemGroup>
    <ResourceCompile Include="Resources.rc">
      <Filter>Resource Files</Filter>
    </ResourceCompile>
  </ItemGroup>
</Project>