<?xml version="1.0" encoding="utf-8"?>
<Project ToolsVersion="4.0" xmlns="http://schemas.microsoft.com/developer/msbuild/2003">
  <ItemGroup>
    <Filter Include="Source Files">
      <UniqueIdentifier>{4FC737F1-C7A5-4376-A066-2A32D752A2FF}</UniqueIdentifier>
      <Extensions>cpp;c;cc;cxx;def;odl;idl;hpj;bat;asm;asmx</Extensions>
    </Filter>
    <Filter Include="Resource Files">
      <UniqueIdentifier>{67DA6AB6-F800-4c08-8B7A-83BB121AAD01}</UniqueIdentifier>
      <Extensions>rc;ico;cur;bmp;dlg;rc2;rct;bin;rgs;gif;jpg;jpeg;jpe;resx;tiff;tif;png;wav</Extensions>
    </Filter>
    <Filter Include="blocks">
      <UniqueIdentifier>{12c109b0-3328-4ac7-9f50-ca1b1def9f78}</UniqueIdentifier>
    </Filter>
    <Filter Include="blocks\Cinder-WebSocketPP">
      <UniqueIdentifier>{d45aa58d-7663-478b-a850-b76b7c94338c}</UniqueIdentifier>
    </Filter>
    <Filter Include="blocks\Cinder-WebSocketPP\src">
      <UniqueIdentifier>{029e8414-c768-470b-ae3a-3756d1ee9e4b}</UniqueIdentifier>
    </Filter>
  </ItemGroup>
  <ItemGroup>
    <ClCompile Include="..\src\ServerApp.cpp">
      <Filter>Source Files</Filter>
    </ClCompile>
    <ClCompile Include="..\..\..\src\WebSocketClient.cpp">
      <Filter>blocks\Cinder-WebSocketPP\src</Filter>
    </ClCompile>
    <ClCompile Include="..\..\..\src\WebSocketConnection.cpp">
      <Filter>blocks\Cinder-WebSocketPP\src</Filter>
    </ClCompile>
    <ClCompile Include="..\..\..\src\WebSocketServer.cpp">
      <Filter>blocks\Cinder-WebSocketPP\src</Filter>
    </ClCompile>
  </ItemGroup>
  <ItemGroup>
    <Image Include="cinder_app_icon.ico">
      <Filter>Resource Files</Filter>
    </Image>
  </ItemGroup>
  <ItemGroup>
    <ResourceCompile Include="Resources.rc">
      <Filter>Resource Files</Filter>
    </ResourceCompile>
  </ItemGroup>
  <ItemGroup>
    <ClInclude Include="..\..\..\src\WebSocketClient.h">
      <Filter>blocks\Cinder-WebSocketPP\src</Filter>
    </ClInclude>
    <ClInclude Include="..\..\..\src\WebSocketConnection.h">
      <Filter>blocks\Cinder-WebSocketPP\src</Filter>
    </ClInclude>
    <ClInclude Include="..\..\..\src\WebSocketServer.h">
      <Filter>blocks\Cinder-WebSocketPP\src</Filter>
    </ClInclude>
  </ItemGroup>
</Project>